
Microsoft Visual Studio Solution File, Format Version 12.00
# Visual Studio Version 17
VisualStudioVersion = 17.0.31903.59
MinimumVisualStudioVersion = 10.0.40219.1
Project("{FAE04EC0-301F-11D3-BF4B-00C04F79EFBC}") = "Task1", "Task1\Task1.csproj", "{26383A4E-E143-4FA9-AEC5-4AF20A9BABCE}"
EndProject
Project("{FAE04EC0-301F-11D3-BF4B-00C04F79EFBC}") = "Task2", "Task2\Task2.csproj", "{54B17DE4-943C-446A-B034-1699EEBF1FF8}"
EndProject
Project("{FAE04EC0-301F-11D3-BF4B-00C04F79EFBC}") = "Task3", "Task3\Task3.csproj", "{6774E7A0-1A5B-48E8-B6FA-594E65E8F6DC}"
EndProject
Global
	GlobalSection(SolutionConfigurationPlatforms) = preSolution
		Debug|Any CPU = Debug|Any CPU
		Release|Any CPU = Release|Any CPU
	EndGlobalSection
	GlobalSection(SolutionProperties) = preSolution
		HideSolutionNode = FALSE
	EndGlobalSection
	GlobalSection(ProjectConfigurationPlatforms) = postSolution
		{26383A4E-E143-4FA9-AEC5-4AF20A9BABCE}.Debug|Any CPU.ActiveCfg = Debug|Any CPU
		{26383A4E-E143-4FA9-AEC5-4AF20A9BABCE}.Debug|Any CPU.Build.0 = Debug|Any CPU
		{26383A4E-E143-4FA9-AEC5-4AF20A9BABCE}.Release|Any CPU.ActiveCfg = Release|Any CPU
		{26383A4E-E143-4FA9-AEC5-4AF20A9BABCE}.Release|Any CPU.Build.0 = Release|Any CPU
		{54B17DE4-943C-446A-B034-1699EEBF1FF8}.Debug|Any CPU.ActiveCfg = Debug|Any CPU
		{54B17DE4-943C-446A-B034-1699EEBF1FF8}.Debug|Any CPU.Build.0 = Debug|Any CPU
		{54B17DE4-943C-446A-B034-1699EEBF1FF8}.Release|Any CPU.ActiveCfg = Release|Any CPU
		{54B17DE4-943C-446A-B034-1699EEBF1FF8}.Release|Any CPU.Build.0 = Release|Any CPU
		{6774E7A0-1A5B-48E8-B6FA-594E65E8F6DC}.Debug|Any CPU.ActiveCfg = Debug|Any CPU
		{6774E7A0-1A5B-48E8-B6FA-594E65E8F6DC}.Debug|Any CPU.Build.0 = Debug|Any CPU
		{6774E7A0-1A5B-48E8-B6FA-594E65E8F6DC}.Release|Any CPU.ActiveCfg = Release|Any CPU
		{6774E7A0-1A5B-48E8-B6FA-594E65E8F6DC}.Release|Any CPU.Build.0 = Release|Any CPU
	EndGlobalSection
EndGlobal
